
Microsoft Visual Studio Solution File, Format Version 12.00
# Visual Studio 14
VisualStudioVersion = 14.0.25420.1
MinimumVisualStudioVersion = 10.0.40219.1
Project("{FAE04EC0-301F-11D3-BF4B-00C04F79EFBC}") = "MarketingServer", "MarketingServer\MarketingServer.csproj", "{0C995540-649E-4634-A51F-7BCE97ADF264}"
EndProject
Project("{FAE04EC0-301F-11D3-BF4B-00C04F79EFBC}") = "EmailService", "EmailService\EmailService.csproj", "{442D5AA7-F7B3-4569-B349-EE18D8C39FB1}"
EndProject
Global
	GlobalSection(SolutionConfigurationPlatforms) = preSolution
		Debug|Any CPU = Debug|Any CPU
		Release|Any CPU = Release|Any CPU
	EndGlobalSection
	GlobalSection(ProjectConfigurationPlatforms) = postSolution
		{0C995540-649E-4634-A51F-7BCE97ADF264}.Debug|Any CPU.ActiveCfg = Debug|Any CPU
		{0C995540-649E-4634-A51F-7BCE97ADF264}.Debug|Any CPU.Build.0 = Debug|Any CPU
		{0C995540-649E-4634-A51F-7BCE97ADF264}.Release|Any CPU.ActiveCfg = Release|Any CPU
		{0C995540-649E-4634-A51F-7BCE97ADF264}.Release|Any CPU.Build.0 = Release|Any CPU
		{442D5AA7-F7B3-4569-B349-EE18D8C39FB1}.Debug|Any CPU.ActiveCfg = Debug|Any CPU
		{442D5AA7-F7B3-4569-B349-EE18D8C39FB1}.Debug|Any CPU.Build.0 = Debug|Any CPU
		{442D5AA7-F7B3-4569-B349-EE18D8C39FB1}.Release|Any CPU.ActiveCfg = Release|Any CPU
		{442D5AA7-F7B3-4569-B349-EE18D8C39FB1}.Release|Any CPU.Build.0 = Release|Any CPU
	EndGlobalSection
	GlobalSection(SolutionProperties) = preSolution
		HideSolutionNode = FALSE
	EndGlobalSection
EndGlobal
